{
  "lockfileVersion": 1,
  "workspaces": {
    "": {
      "name": "server",
      "dependencies": {
        "@kasssandra/kassspay": "^0.0.30-alpha",
        "@metaplex-foundation/mpl-token-metadata": "^3.4.0",
        "@metaplex-foundation/umi": "^1.4.1",
        "@sentry/node": "^10.13.0",
        "@solana/kit": "^2.3.0",
        "cron": "^4.3.3",
        "dotenv": "^17.2.2",
        "drizzle-orm": "^0.44.5",
        "postgres": "^3.4.7",
        "redis": "^5.8.2",
        "zod": "^4.1.11",
      },
      "devDependencies": {
        "@types/bun": "latest",
      },
      "peerDependencies": {
        "typescript": "^5.9.2",
      },
    },
  },
  "packages": {
    "@kasssandra/kassspay": ["@kasssandra/kassspay@0.0.30-alpha", "", { "dependencies": { "devalue": "^5.1.1" }, "peerDependencies": { "typescript": "^5" } }, "sha512-o3FpBtHAUC7iVlNK60ppUmuNnY4S4jeQC+fFvUL/uFoAxqffwUyk6DEiBWS6btorqcfSyiuStcDDGEqibulC/w=="],

    "@metaplex-foundation/mpl-token-metadata": ["@metaplex-foundation/mpl-token-metadata@3.4.0", "", { "dependencies": { "@metaplex-foundation/mpl-toolbox": "^0.10.0" }, "peerDependencies": { "@metaplex-foundation/umi": ">= 0.8.2 <= 1" } }, "sha512-AxBAYCK73JWxY3g9//z/C9krkR0t1orXZDknUPS4+GjwGH2vgPfsk04yfZ31Htka2AdS9YE/3wH7sMUBHKn9Rg=="],

    "@metaplex-foundation/mpl-toolbox": ["@metaplex-foundation/mpl-toolbox@0.10.0", "", { "peerDependencies": { "@metaplex-foundation/umi": ">= 0.8.2 <= 1" } }, "sha512-84KD1L5cFyw5xnntHwL4uPwfcrkKSiwuDeypiVr92qCUFuF3ZENa2zlFVPu+pQcjTlod2LmEX3MhBmNjRMpdKg=="],

    "@metaplex-foundation/umi": ["@metaplex-foundation/umi@1.4.1", "", { "dependencies": { "@metaplex-foundation/umi-options": "^1.4.1", "@metaplex-foundation/umi-public-keys": "^1.4.1", "@metaplex-foundation/umi-serializers": "^1.4.1" } }, "sha512-GGdmKsZq8nGInhjk8jpW4h4pNX8eZgTChnosvBmX/4lTznu+nOJuIsgO9r7LuUkR8zaSfjUheC/T5e7AtRku+g=="],

    "@metaplex-foundation/umi-options": ["@metaplex-foundation/umi-options@1.4.1", "", {}, "sha512-+36Sm16a9GFlheAnqIjsi5lV7+9J9/lhYOcwXK9bkRARucA9evT/dajmpXHUkPOi3JjlVbl3knWvcPkbhyP2Og=="],

    "@metaplex-foundation/umi-public-keys": ["@metaplex-foundation/umi-public-keys@1.4.1", "", { "dependencies": { "@metaplex-foundation/umi-serializers-encodings": "^1.4.1" } }, "sha512-UB+MVzK8GIMLYS7qgtl7Qr5fUW36EelUk2VA/VyQJZb2rlQYZu08/whc75uwGhPX2Mr67NzVSoSTkTpUb29zrg=="],

    "@metaplex-foundation/umi-serializers": ["@metaplex-foundation/umi-serializers@1.4.1", "", { "dependencies": { "@metaplex-foundation/umi-options": "^1.4.1", "@metaplex-foundation/umi-public-keys": "^1.4.1", "@metaplex-foundation/umi-serializers-core": "^1.4.1", "@metaplex-foundation/umi-serializers-encodings": "^1.4.1", "@metaplex-foundation/umi-serializers-numbers": "^1.4.1" } }, "sha512-DnuTBS+6Ycjaz1BsOKmUZCJcdyJooIpiJ5gy/snhmh8YKDAZuxezBqRzKSR/pKPXieURbL/UPCdJ6a9OFCjcYQ=="],

    "@metaplex-foundation/umi-serializers-core": ["@metaplex-foundation/umi-serializers-core@1.4.1", "", {}, "sha512-xLI2ZEFJYoVdlQQMeKNLBsi56qQ2xC7htWDa30gqw/hhuMy3W82MtgLiK/3tU96MNi86TKSNVOdXmY815/QJsg=="],

    "@metaplex-foundation/umi-serializers-encodings": ["@metaplex-foundation/umi-serializers-encodings@1.4.1", "", { "dependencies": { "@metaplex-foundation/umi-serializers-core": "^1.4.1" } }, "sha512-KnIp8T3mSMoDI5gmLre6UZMZpBVZ5tpZsAaLLfuiSfRolUsBLo90gmXJWwUWWZihhcvaN0xMdyx+k1KK+nwK9Q=="],

    "@metaplex-foundation/umi-serializers-numbers": ["@metaplex-foundation/umi-serializers-numbers@1.4.1", "", { "dependencies": { "@metaplex-foundation/umi-serializers-core": "^1.4.1" } }, "sha512-vk5f6QTdudXJDyyZAO7IDNiGRkF70nLdx4LBCvstbmTv2535HinV06R1mBRA9dx20D6SxRASdw33BH3mAYPfbQ=="],

    "@opentelemetry/api": ["@opentelemetry/api@1.9.0", "", {}, "sha512-3giAOQvZiH5F9bMlMiv8+GSPMeqg0dbaeo58/0SlA9sxSqZhnUtxzX9/2FzyhS9sWQf5S0GJE0AKBrFqjpeYcg=="],

    "@opentelemetry/api-logs": ["@opentelemetry/api-logs@0.204.0", "", { "dependencies": { "@opentelemetry/api": "^1.3.0" } }, "sha512-DqxY8yoAaiBPivoJD4UtgrMS8gEmzZ5lnaxzPojzLVHBGqPxgWm4zcuvcUHZiqQ6kRX2Klel2r9y8cA2HAtqpw=="],

    "@opentelemetry/context-async-hooks": ["@opentelemetry/context-async-hooks@2.1.0", "", { "peerDependencies": { "@opentelemetry/api": ">=1.0.0 <1.10.0" } }, "sha512-zOyetmZppnwTyPrt4S7jMfXiSX9yyfF0hxlA8B5oo2TtKl+/RGCy7fi4DrBfIf3lCPrkKsRBWZZD7RFojK7FDg=="],

    "@opentelemetry/core": ["@opentelemetry/core@2.1.0", "", { "dependencies": { "@opentelemetry/semantic-conventions": "^1.29.0" }, "peerDependencies": { "@opentelemetry/api": ">=1.0.0 <1.10.0" } }, "sha512-RMEtHsxJs/GiHHxYT58IY57UXAQTuUnZVco6ymDEqTNlJKTimM4qPUPVe8InNFyBjhHBEAx4k3Q8LtNayBsbUQ=="],

    "@opentelemetry/instrumentation": ["@opentelemetry/instrumentation@0.204.0", "", { "dependencies": { "@opentelemetry/api-logs": "0.204.0", "import-in-the-middle": "^1.8.1", "require-in-the-middle": "^7.1.1" }, "peerDependencies": { "@opentelemetry/api": "^1.3.0" } }, "sha512-vV5+WSxktzoMP8JoYWKeopChy6G3HKk4UQ2hESCRDUUTZqQ3+nM3u8noVG0LmNfRWwcFBnbZ71GKC7vaYYdJ1g=="],

    "@opentelemetry/instrumentation-amqplib": ["@opentelemetry/instrumentation-amqplib@0.51.0", "", { "dependencies": { "@opentelemetry/core": "^2.0.0", "@opentelemetry/instrumentation": "^0.204.0", "@opentelemetry/semantic-conventions": "^1.27.0" }, "peerDependencies": { "@opentelemetry/api": "^1.3.0" } }, "sha512-XGmjYwjVRktD4agFnWBWQXo9SiYHKBxR6Ag3MLXwtLE4R99N3a08kGKM5SC1qOFKIELcQDGFEFT9ydXMH00Luw=="],

    "@opentelemetry/instrumentation-connect": ["@opentelemetry/instrumentation-connect@0.48.0", "", { "dependencies": { "@opentelemetry/core": "^2.0.0", "@opentelemetry/instrumentation": "^0.204.0", "@opentelemetry/semantic-conventions": "^1.27.0", "@types/connect": "3.4.38" }, "peerDependencies": { "@opentelemetry/api": "^1.3.0" } }, "sha512-OMjc3SFL4pC16PeK+tDhwP7MRvDPalYCGSvGqUhX5rASkI2H0RuxZHOWElYeXkV0WP+70Gw6JHWac/2Zqwmhdw=="],

    "@opentelemetry/instrumentation-dataloader": ["@opentelemetry/instrumentation-dataloader@0.22.0", "", { "dependencies": { "@opentelemetry/instrumentation": "^0.204.0" }, "peerDependencies": { "@opentelemetry/api": "^1.3.0" } }, "sha512-bXnTcwtngQsI1CvodFkTemrrRSQjAjZxqHVc+CJZTDnidT0T6wt3jkKhnsjU/Kkkc0lacr6VdRpCu2CUWa0OKw=="],

    "@opentelemetry/instrumentation-express": ["@opentelemetry/instrumentation-express@0.53.0", "", { "dependencies": { "@opentelemetry/core": "^2.0.0", "@opentelemetry/instrumentation": "^0.204.0", "@opentelemetry/semantic-conventions": "^1.27.0" }, "peerDependencies": { "@opentelemetry/api": "^1.3.0" } }, "sha512-r/PBafQmFYRjuxLYEHJ3ze1iBnP2GDA1nXOSS6E02KnYNZAVjj6WcDA1MSthtdAUUK0XnotHvvWM8/qz7DMO5A=="],

    "@opentelemetry/instrumentation-fs": ["@opentelemetry/instrumentation-fs@0.24.0", "", { "dependencies": { "@opentelemetry/core": "^2.0.0", "@opentelemetry/instrumentation": "^0.204.0" }, "peerDependencies": { "@opentelemetry/api": "^1.3.0" } }, "sha512-HjIxJ6CBRD770KNVaTdMXIv29Sjz4C1kPCCK5x1Ujpc6SNnLGPqUVyJYZ3LUhhnHAqdbrl83ogVWjCgeT4Q0yw=="],

    "@opentelemetry/instrumentation-generic-pool": ["@opentelemetry/instrumentation-generic-pool@0.48.0", "", { "dependencies": { "@opentelemetry/instrumentation": "^0.204.0" }, "peerDependencies": { "@opentelemetry/api": "^1.3.0" } }, "sha512-TLv/On8pufynNR+pUbpkyvuESVASZZKMlqCm4bBImTpXKTpqXaJJ3o/MUDeMlM91rpen+PEv2SeyOKcHCSlgag=="],

    "@opentelemetry/instrumentation-graphql": ["@opentelemetry/instrumentation-graphql@0.52.0", "", { "dependencies": { "@opentelemetry/instrumentation": "^0.204.0" }, "peerDependencies": { "@opentelemetry/api": "^1.3.0" } }, "sha512-3fEJ8jOOMwopvldY16KuzHbRhPk8wSsOTSF0v2psmOCGewh6ad+ZbkTx/xyUK9rUdUMWAxRVU0tFpj4Wx1vkPA=="],

    "@opentelemetry/instrumentation-hapi": ["@opentelemetry/instrumentation-hapi@0.51.0", "", { "dependencies": { "@opentelemetry/core": "^2.0.0", "@opentelemetry/instrumentation": "^0.204.0", "@opentelemetry/semantic-conventions": "^1.27.0" }, "peerDependencies": { "@opentelemetry/api": "^1.3.0" } }, "sha512-qyf27DaFNL1Qhbo/da+04MSCw982B02FhuOS5/UF+PMhM61CcOiu7fPuXj8TvbqyReQuJFljXE6UirlvoT/62g=="],

    "@opentelemetry/instrumentation-http": ["@opentelemetry/instrumentation-http@0.204.0", "", { "dependencies": { "@opentelemetry/core": "2.1.0", "@opentelemetry/instrumentation": "0.204.0", "@opentelemetry/semantic-conventions": "^1.29.0", "forwarded-parse": "2.1.2" }, "peerDependencies": { "@opentelemetry/api": "^1.3.0" } }, "sha512-1afJYyGRA4OmHTv0FfNTrTAzoEjPQUYgd+8ih/lX0LlZBnGio/O80vxA0lN3knsJPS7FiDrsDrWq25K7oAzbkw=="],

    "@opentelemetry/instrumentation-ioredis": ["@opentelemetry/instrumentation-ioredis@0.52.0", "", { "dependencies": { "@opentelemetry/instrumentation": "^0.204.0", "@opentelemetry/redis-common": "^0.38.0", "@opentelemetry/semantic-conventions": "^1.27.0" }, "peerDependencies": { "@opentelemetry/api": "^1.3.0" } }, "sha512-rUvlyZwI90HRQPYicxpDGhT8setMrlHKokCtBtZgYxQWRF5RBbG4q0pGtbZvd7kyseuHbFpA3I/5z7M8b/5ywg=="],

    "@opentelemetry/instrumentation-kafkajs": ["@opentelemetry/instrumentation-kafkajs@0.14.0", "", { "dependencies": { "@opentelemetry/instrumentation": "^0.204.0", "@opentelemetry/semantic-conventions": "^1.30.0" }, "peerDependencies": { "@opentelemetry/api": "^1.3.0" } }, "sha512-kbB5yXS47dTIdO/lfbbXlzhvHFturbux4EpP0+6H78Lk0Bn4QXiZQW7rmZY1xBCY16mNcCb8Yt0mhz85hTnSVA=="],

    "@opentelemetry/instrumentation-knex": ["@opentelemetry/instrumentation-knex@0.49.0", "", { "dependencies": { "@opentelemetry/instrumentation": "^0.204.0", "@opentelemetry/semantic-conventions": "^1.33.1" }, "peerDependencies": { "@opentelemetry/api": "^1.3.0" } }, "sha512-NKsRRT27fbIYL4Ix+BjjP8h4YveyKc+2gD6DMZbr5R5rUeDqfC8+DTfIt3c3ex3BIc5Vvek4rqHnN7q34ZetLQ=="],

    "@opentelemetry/instrumentation-koa": ["@opentelemetry/instrumentation-koa@0.52.0", "", { "dependencies": { "@opentelemetry/core": "^2.0.0", "@opentelemetry/instrumentation": "^0.204.0", "@opentelemetry/semantic-conventions": "^1.27.0" }, "peerDependencies": { "@opentelemetry/api": "^1.3.0" } }, "sha512-JJSBYLDx/mNSy8Ibi/uQixu2rH0bZODJa8/cz04hEhRaiZQoeJ5UrOhO/mS87IdgVsHrnBOsZ6vDu09znupyuA=="],

    "@opentelemetry/instrumentation-lru-memoizer": ["@opentelemetry/instrumentation-lru-memoizer@0.49.0", "", { "dependencies": { "@opentelemetry/instrumentation": "^0.204.0" }, "peerDependencies": { "@opentelemetry/api": "^1.3.0" } }, "sha512-ctXu+O/1HSadAxtjoEg2w307Z5iPyLOMM8IRNwjaKrIpNAthYGSOanChbk1kqY6zU5CrpkPHGdAT6jk8dXiMqw=="],

    "@opentelemetry/instrumentation-mongodb": ["@opentelemetry/instrumentation-mongodb@0.57.0", "", { "dependencies": { "@opentelemetry/instrumentation": "^0.204.0", "@opentelemetry/semantic-conventions": "^1.27.0" }, "peerDependencies": { "@opentelemetry/api": "^1.3.0" } }, "sha512-KD6Rg0KSHWDkik+qjIOWoksi1xqSpix8TSPfquIK1DTmd9OTFb5PHmMkzJe16TAPVEuElUW8gvgP59cacFcrMQ=="],

    "@opentelemetry/instrumentation-mongoose": ["@opentelemetry/instrumentation-mongoose@0.51.0", "", { "dependencies": { "@opentelemetry/core": "^2.0.0", "@opentelemetry/instrumentation": "^0.204.0", "@opentelemetry/semantic-conventions": "^1.27.0" }, "peerDependencies": { "@opentelemetry/api": "^1.3.0" } }, "sha512-gwWaAlhhV2By7XcbyU3DOLMvzsgeaymwP/jktDC+/uPkCmgB61zurwqOQdeiRq9KAf22Y2dtE5ZLXxytJRbEVA=="],

    "@opentelemetry/instrumentation-mysql": ["@opentelemetry/instrumentation-mysql@0.50.0", "", { "dependencies": { "@opentelemetry/instrumentation": "^0.204.0", "@opentelemetry/semantic-conventions": "^1.27.0", "@types/mysql": "2.15.27" }, "peerDependencies": { "@opentelemetry/api": "^1.3.0" } }, "sha512-duKAvMRI3vq6u9JwzIipY9zHfikN20bX05sL7GjDeLKr2qV0LQ4ADtKST7KStdGcQ+MTN5wghWbbVdLgNcB3rA=="],

    "@opentelemetry/instrumentation-mysql2": ["@opentelemetry/instrumentation-mysql2@0.51.0", "", { "dependencies": { "@opentelemetry/instrumentation": "^0.204.0", "@opentelemetry/semantic-conventions": "^1.27.0", "@opentelemetry/sql-common": "^0.41.0" }, "peerDependencies": { "@opentelemetry/api": "^1.3.0" } }, "sha512-zT2Wg22Xn43RyfU3NOUmnFtb5zlDI0fKcijCj9AcK9zuLZ4ModgtLXOyBJSSfO+hsOCZSC1v/Fxwj+nZJFdzLQ=="],

    "@opentelemetry/instrumentation-pg": ["@opentelemetry/instrumentation-pg@0.57.0", "", { "dependencies": { "@opentelemetry/core": "^2.0.0", "@opentelemetry/instrumentation": "^0.204.0", "@opentelemetry/semantic-conventions": "^1.34.0", "@opentelemetry/sql-common": "^0.41.0", "@types/pg": "8.15.5", "@types/pg-pool": "2.0.6" }, "peerDependencies": { "@opentelemetry/api": "^1.3.0" } }, "sha512-dWLGE+r5lBgm2A8SaaSYDE3OKJ/kwwy5WLyGyzor8PLhUL9VnJRiY6qhp4njwhnljiLtzeffRtG2Mf/YyWLeTw=="],

    "@opentelemetry/instrumentation-redis": ["@opentelemetry/instrumentation-redis@0.53.0", "", { "dependencies": { "@opentelemetry/instrumentation": "^0.204.0", "@opentelemetry/redis-common": "^0.38.0", "@opentelemetry/semantic-conventions": "^1.27.0" }, "peerDependencies": { "@opentelemetry/api": "^1.3.0" } }, "sha512-WUHV8fr+8yo5RmzyU7D5BIE1zwiaNQcTyZPwtxlfr7px6NYYx7IIpSihJK7WA60npWynfxxK1T67RAVF0Gdfjg=="],

    "@opentelemetry/instrumentation-tedious": ["@opentelemetry/instrumentation-tedious@0.23.0", "", { "dependencies": { "@opentelemetry/instrumentation": "^0.204.0", "@opentelemetry/semantic-conventions": "^1.27.0", "@types/tedious": "^4.0.14" }, "peerDependencies": { "@opentelemetry/api": "^1.3.0" } }, "sha512-3TMTk/9VtlRonVTaU4tCzbg4YqW+Iq/l5VnN2e5whP6JgEg/PKfrGbqQ+CxQWNLfLaQYIUgEZqAn5gk/inh1uQ=="],

    "@opentelemetry/instrumentation-undici": ["@opentelemetry/instrumentation-undici@0.15.0", "", { "dependencies": { "@opentelemetry/core": "^2.0.0", "@opentelemetry/instrumentation": "^0.204.0" }, "peerDependencies": { "@opentelemetry/api": "^1.7.0" } }, "sha512-sNFGA/iCDlVkNjzTzPRcudmI11vT/WAfAguRdZY9IspCw02N4WSC72zTuQhSMheh2a1gdeM9my1imnKRvEEvEg=="],

    "@opentelemetry/redis-common": ["@opentelemetry/redis-common@0.38.0", "", {}, "sha512-4Wc0AWURII2cfXVVoZ6vDqK+s5n4K5IssdrlVrvGsx6OEOKdghKtJZqXAHWFiZv4nTDLH2/2fldjIHY8clMOjQ=="],

    "@opentelemetry/resources": ["@opentelemetry/resources@2.1.0", "", { "dependencies": { "@opentelemetry/core": "2.1.0", "@opentelemetry/semantic-conventions": "^1.29.0" }, "peerDependencies": { "@opentelemetry/api": ">=1.3.0 <1.10.0" } }, "sha512-1CJjf3LCvoefUOgegxi8h6r4B/wLSzInyhGP2UmIBYNlo4Qk5CZ73e1eEyWmfXvFtm1ybkmfb2DqWvspsYLrWw=="],

    "@opentelemetry/sdk-trace-base": ["@opentelemetry/sdk-trace-base@2.1.0", "", { "dependencies": { "@opentelemetry/core": "2.1.0", "@opentelemetry/resources": "2.1.0", "@opentelemetry/semantic-conventions": "^1.29.0" }, "peerDependencies": { "@opentelemetry/api": ">=1.3.0 <1.10.0" } }, "sha512-uTX9FBlVQm4S2gVQO1sb5qyBLq/FPjbp+tmGoxu4tIgtYGmBYB44+KX/725RFDe30yBSaA9Ml9fqphe1hbUyLQ=="],

    "@opentelemetry/semantic-conventions": ["@opentelemetry/semantic-conventions@1.37.0", "", {}, "sha512-JD6DerIKdJGmRp4jQyX5FlrQjA4tjOw1cvfsPAZXfOOEErMUHjPcPSICS+6WnM0nB0efSFARh0KAZss+bvExOA=="],

    "@opentelemetry/sql-common": ["@opentelemetry/sql-common@0.41.0", "", { "dependencies": { "@opentelemetry/core": "^2.0.0" }, "peerDependencies": { "@opentelemetry/api": "^1.1.0" } }, "sha512-pmzXctVbEERbqSfiAgdes9Y63xjoOyXcD7B6IXBkVb+vbM7M9U98mn33nGXxPf4dfYR0M+vhcKRZmbSJ7HfqFA=="],

    "@prisma/instrumentation": ["@prisma/instrumentation@6.15.0", "", { "dependencies": { "@opentelemetry/instrumentation": "^0.52.0 || ^0.53.0 || ^0.54.0 || ^0.55.0 || ^0.56.0 || ^0.57.0" }, "peerDependencies": { "@opentelemetry/api": "^1.8" } }, "sha512-6TXaH6OmDkMOQvOxwLZ8XS51hU2v4A3vmE2pSijCIiGRJYyNeMcL6nMHQMyYdZRD8wl7LF3Wzc+AMPMV/9Oo7A=="],

    "@redis/bloom": ["@redis/bloom@5.8.2", "", { "peerDependencies": { "@redis/client": "^5.8.2" } }, "sha512-855DR0ChetZLarblio5eM0yLwxA9Dqq50t8StXKp5bAtLT0G+rZ+eRzzqxl37sPqQKjUudSYypz55o6nNhbz0A=="],

    "@redis/client": ["@redis/client@5.8.2", "", { "dependencies": { "cluster-key-slot": "1.1.2" } }, "sha512-WtMScno3+eBpTac1Uav2zugXEoXqaU23YznwvFgkPwBQVwEHTDgOG7uEAObtZ/Nyn8SmAMbqkEubJaMOvnqdsQ=="],

    "@redis/json": ["@redis/json@5.8.2", "", { "peerDependencies": { "@redis/client": "^5.8.2" } }, "sha512-uxpVfas3I0LccBX9rIfDgJ0dBrUa3+0Gc8sEwmQQH0vHi7C1Rx1Qn8Nv1QWz5bohoeIXMICFZRcyDONvum2l/w=="],

    "@redis/search": ["@redis/search@5.8.2", "", { "peerDependencies": { "@redis/client": "^5.8.2" } }, "sha512-cNv7HlgayavCBXqPXgaS97DRPVWFznuzsAmmuemi2TMCx5scwLiP50TeZvUS06h/MG96YNPe6A0Zt57yayfxwA=="],

    "@redis/time-series": ["@redis/time-series@5.8.2", "", { "peerDependencies": { "@redis/client": "^5.8.2" } }, "sha512-g2NlHM07fK8H4k+613NBsk3y70R2JIM2dPMSkhIjl2Z17SYvaYKdusz85d7VYOrZBWtDrHV/WD2E3vGu+zni8A=="],

    "@sentry/core": ["@sentry/core@10.14.0", "", {}, "sha512-gyJB7/mW0OteM+vwEsAWaPcLd3fTaKRAc4LZM1aXRbl7juPRmhgwFftjqGg7AMMGNDE0JMs1Fb2W4xSVxH1ItQ=="],

    "@sentry/node": ["@sentry/node@10.14.0", "", { "dependencies": { "@opentelemetry/api": "^1.9.0", "@opentelemetry/context-async-hooks": "^2.1.0", "@opentelemetry/core": "^2.1.0", "@opentelemetry/instrumentation": "^0.204.0", "@opentelemetry/instrumentation-amqplib": "0.51.0", "@opentelemetry/instrumentation-connect": "0.48.0", "@opentelemetry/instrumentation-dataloader": "0.22.0", "@opentelemetry/instrumentation-express": "0.53.0", "@opentelemetry/instrumentation-fs": "0.24.0", "@opentelemetry/instrumentation-generic-pool": "0.48.0", "@opentelemetry/instrumentation-graphql": "0.52.0", "@opentelemetry/instrumentation-hapi": "0.51.0", "@opentelemetry/instrumentation-http": "0.204.0", "@opentelemetry/instrumentation-ioredis": "0.52.0", "@opentelemetry/instrumentation-kafkajs": "0.14.0", "@opentelemetry/instrumentation-knex": "0.49.0", "@opentelemetry/instrumentation-koa": "0.52.0", "@opentelemetry/instrumentation-lru-memoizer": "0.49.0", "@opentelemetry/instrumentation-mongodb": "0.57.0", "@opentelemetry/instrumentation-mongoose": "0.51.0", "@opentelemetry/instrumentation-mysql": "0.50.0", "@opentelemetry/instrumentation-mysql2": "0.51.0", "@opentelemetry/instrumentation-pg": "0.57.0", "@opentelemetry/instrumentation-redis": "0.53.0", "@opentelemetry/instrumentation-tedious": "0.23.0", "@opentelemetry/instrumentation-undici": "0.15.0", "@opentelemetry/resources": "^2.1.0", "@opentelemetry/sdk-trace-base": "^2.1.0", "@opentelemetry/semantic-conventions": "^1.37.0", "@prisma/instrumentation": "6.15.0", "@sentry/core": "10.14.0", "@sentry/node-core": "10.14.0", "@sentry/opentelemetry": "10.14.0", "import-in-the-middle": "^1.14.2", "minimatch": "^9.0.0" } }, "sha512-2e4g9lPJ/DuJsS4IMcd7RZq8vhqTAnT30GNSY/Sd2Pv6t64Eb5suXtkrHpH6y14QPlp0egQmq5jRs6RpINZSAA=="],

    "@sentry/node-core": ["@sentry/node-core@10.14.0", "", { "dependencies": { "@sentry/core": "10.14.0", "@sentry/opentelemetry": "10.14.0", "import-in-the-middle": "^1.14.2" }, "peerDependencies": { "@opentelemetry/api": "^1.9.0", "@opentelemetry/context-async-hooks": "^1.30.1 || ^2.1.0", "@opentelemetry/core": "^1.30.1 || ^2.1.0", "@opentelemetry/instrumentation": ">=0.57.1 <1", "@opentelemetry/resources": "^1.30.1 || ^2.1.0", "@opentelemetry/sdk-trace-base": "^1.30.1 || ^2.1.0", "@opentelemetry/semantic-conventions": "^1.37.0" } }, "sha512-IHL2gEWTb1YvlPduPi9bRLUM43ZpS+/ZbkKgjI/X8X/ck0LCpgu93Kq/Fzgk3Ae9DyB7p+dd/Tu+B89td5kTVw=="],

    "@sentry/opentelemetry": ["@sentry/opentelemetry@10.14.0", "", { "dependencies": { "@sentry/core": "10.14.0" }, "peerDependencies": { "@opentelemetry/api": "^1.9.0", "@opentelemetry/context-async-hooks": "^1.30.1 || ^2.1.0", "@opentelemetry/core": "^1.30.1 || ^2.1.0", "@opentelemetry/sdk-trace-base": "^1.30.1 || ^2.1.0", "@opentelemetry/semantic-conventions": "^1.37.0" } }, "sha512-DAVv6vFVeFclCtg8+6g90r2n2MmM6LZLEwfd8POgCL2MNd3cswC5CM1XFNOwG61stYtQ9PTFh/FQWHFv9fA+Pg=="],

    "@solana/accounts": ["@solana/accounts@2.3.0", "", { "dependencies": { "@solana/addresses": "2.3.0", "@solana/codecs-core": "2.3.0", "@solana/codecs-strings": "2.3.0", "@solana/errors": "2.3.0", "@solana/rpc-spec": "2.3.0", "@solana/rpc-types": "2.3.0" }, "peerDependencies": { "typescript": ">=5.3.3" } }, "sha512-QgQTj404Z6PXNOyzaOpSzjgMOuGwG8vC66jSDB+3zHaRcEPRVRd2sVSrd1U6sHtnV3aiaS6YyDuPQMheg4K2jw=="],

    "@solana/addresses": ["@solana/addresses@2.3.0", "", { "dependencies": { "@solana/assertions": "2.3.0", "@solana/codecs-core": "2.3.0", "@solana/codecs-strings": "2.3.0", "@solana/errors": "2.3.0", "@solana/nominal-types": "2.3.0" }, "peerDependencies": { "typescript": ">=5.3.3" } }, "sha512-ypTNkY2ZaRFpHLnHAgaW8a83N0/WoqdFvCqf4CQmnMdFsZSdC7qOwcbd7YzdaQn9dy+P2hybewzB+KP7LutxGA=="],

    "@solana/assertions": ["@solana/assertions@2.3.0", "", { "dependencies": { "@solana/errors": "2.3.0" }, "peerDependencies": { "typescript": ">=5.3.3" } }, "sha512-Ekoet3khNg3XFLN7MIz8W31wPQISpKUGDGTylLptI+JjCDWx3PIa88xjEMqFo02WJ8sBj2NLV64Xg1sBcsHjZQ=="],

    "@solana/codecs": ["@solana/codecs@2.3.0", "", { "dependencies": { "@solana/codecs-core": "2.3.0", "@solana/codecs-data-structures": "2.3.0", "@solana/codecs-numbers": "2.3.0", "@solana/codecs-strings": "2.3.0", "@solana/options": "2.3.0" }, "peerDependencies": { "typescript": ">=5.3.3" } }, "sha512-JVqGPkzoeyU262hJGdH64kNLH0M+Oew2CIPOa/9tR3++q2pEd4jU2Rxdfye9sd0Ce3XJrR5AIa8ZfbyQXzjh+g=="],

    "@solana/codecs-core": ["@solana/codecs-core@2.3.0", "", { "dependencies": { "@solana/errors": "2.3.0" }, "peerDependencies": { "typescript": ">=5.3.3" } }, "sha512-oG+VZzN6YhBHIoSKgS5ESM9VIGzhWjEHEGNPSibiDTxFhsFWxNaz8LbMDPjBUE69r9wmdGLkrQ+wVPbnJcZPvw=="],

    "@solana/codecs-data-structures": ["@solana/codecs-data-structures@2.3.0", "", { "dependencies": { "@solana/codecs-core": "2.3.0", "@solana/codecs-numbers": "2.3.0", "@solana/errors": "2.3.0" }, "peerDependencies": { "typescript": ">=5.3.3" } }, "sha512-qvU5LE5DqEdYMYgELRHv+HMOx73sSoV1ZZkwIrclwUmwTbTaH8QAJURBj0RhQ/zCne7VuLLOZFFGv6jGigWhSw=="],

    "@solana/codecs-numbers": ["@solana/codecs-numbers@2.3.0", "", { "dependencies": { "@solana/codecs-core": "2.3.0", "@solana/errors": "2.3.0" }, "peerDependencies": { "typescript": ">=5.3.3" } }, "sha512-jFvvwKJKffvG7Iz9dmN51OGB7JBcy2CJ6Xf3NqD/VP90xak66m/Lg48T01u5IQ/hc15mChVHiBm+HHuOFDUrQg=="],

    "@solana/codecs-strings": ["@solana/codecs-strings@2.3.0", "", { "dependencies": { "@solana/codecs-core": "2.3.0", "@solana/codecs-numbers": "2.3.0", "@solana/errors": "2.3.0" }, "peerDependencies": { "fastestsmallesttextencoderdecoder": "^1.0.22", "typescript": ">=5.3.3" } }, "sha512-y5pSBYwzVziXu521hh+VxqUtp0hYGTl1eWGoc1W+8mdvBdC1kTqm/X7aYQw33J42hw03JjryvYOvmGgk3Qz/Ug=="],

    "@solana/errors": ["@solana/errors@2.3.0", "", { "dependencies": { "chalk": "^5.4.1", "commander": "^14.0.0" }, "peerDependencies": { "typescript": ">=5.3.3" }, "bin": { "errors": "bin/cli.mjs" } }, "sha512-66RI9MAbwYV0UtP7kGcTBVLxJgUxoZGm8Fbc0ah+lGiAw17Gugco6+9GrJCV83VyF2mDWyYnYM9qdI3yjgpnaQ=="],

    "@solana/fast-stable-stringify": ["@solana/fast-stable-stringify@2.3.0", "", { "peerDependencies": { "typescript": ">=5.3.3" } }, "sha512-KfJPrMEieUg6D3hfQACoPy0ukrAV8Kio883llt/8chPEG3FVTX9z/Zuf4O01a15xZmBbmQ7toil2Dp0sxMJSxw=="],

    "@solana/functional": ["@solana/functional@2.3.0", "", { "peerDependencies": { "typescript": ">=5.3.3" } }, "sha512-AgsPh3W3tE+nK3eEw/W9qiSfTGwLYEvl0rWaxHht/lRcuDVwfKRzeSa5G79eioWFFqr+pTtoCr3D3OLkwKz02Q=="],

    "@solana/instructions": ["@solana/instructions@2.3.0", "", { "dependencies": { "@solana/codecs-core": "2.3.0", "@solana/errors": "2.3.0" }, "peerDependencies": { "typescript": ">=5.3.3" } }, "sha512-PLMsmaIKu7hEAzyElrk2T7JJx4D+9eRwebhFZpy2PXziNSmFF929eRHKUsKqBFM3cYR1Yy3m6roBZfA+bGE/oQ=="],

    "@solana/keys": ["@solana/keys@2.3.0", "", { "dependencies": { "@solana/assertions": "2.3.0", "@solana/codecs-core": "2.3.0", "@solana/codecs-strings": "2.3.0", "@solana/errors": "2.3.0", "@solana/nominal-types": "2.3.0" }, "peerDependencies": { "typescript": ">=5.3.3" } }, "sha512-ZVVdga79pNH+2pVcm6fr2sWz9HTwfopDVhYb0Lh3dh+WBmJjwkabXEIHey2rUES7NjFa/G7sV8lrUn/v8LDCCQ=="],

    "@solana/kit": ["@solana/kit@2.3.0", "", { "dependencies": { "@solana/accounts": "2.3.0", "@solana/addresses": "2.3.0", "@solana/codecs": "2.3.0", "@solana/errors": "2.3.0", "@solana/functional": "2.3.0", "@solana/instructions": "2.3.0", "@solana/keys": "2.3.0", "@solana/programs": "2.3.0", "@solana/rpc": "2.3.0", "@solana/rpc-parsed-types": "2.3.0", "@solana/rpc-spec-types": "2.3.0", "@solana/rpc-subscriptions": "2.3.0", "@solana/rpc-types": "2.3.0", "@solana/signers": "2.3.0", "@solana/sysvars": "2.3.0", "@solana/transaction-confirmation": "2.3.0", "@solana/transaction-messages": "2.3.0", "@solana/transactions": "2.3.0" }, "peerDependencies": { "typescript": ">=5.3.3" } }, "sha512-sb6PgwoW2LjE5oTFu4lhlS/cGt/NB3YrShEyx7JgWFWysfgLdJnhwWThgwy/4HjNsmtMrQGWVls0yVBHcMvlMQ=="],

    "@solana/nominal-types": ["@solana/nominal-types@2.3.0", "", { "peerDependencies": { "typescript": ">=5.3.3" } }, "sha512-uKlMnlP4PWW5UTXlhKM8lcgIaNj8dvd8xO4Y9l+FVvh9RvW2TO0GwUO6JCo7JBzCB0PSqRJdWWaQ8pu1Ti/OkA=="],

    "@solana/options": ["@solana/options@2.3.0", "", { "dependencies": { "@solana/codecs-core": "2.3.0", "@solana/codecs-data-structures": "2.3.0", "@solana/codecs-numbers": "2.3.0", "@solana/codecs-strings": "2.3.0", "@solana/errors": "2.3.0" }, "peerDependencies": { "typescript": ">=5.3.3" } }, "sha512-PPnnZBRCWWoZQ11exPxf//DRzN2C6AoFsDI/u2AsQfYih434/7Kp4XLpfOMT/XESi+gdBMFNNfbES5zg3wAIkw=="],

    "@solana/programs": ["@solana/programs@2.3.0", "", { "dependencies": { "@solana/addresses": "2.3.0", "@solana/errors": "2.3.0" }, "peerDependencies": { "typescript": ">=5.3.3" } }, "sha512-UXKujV71VCI5uPs+cFdwxybtHZAIZyQkqDiDnmK+DawtOO9mBn4Nimdb/6RjR2CXT78mzO9ZCZ3qfyX+ydcB7w=="],

    "@solana/promises": ["@solana/promises@2.3.0", "", { "peerDependencies": { "typescript": ">=5.3.3" } }, "sha512-GjVgutZKXVuojd9rWy1PuLnfcRfqsaCm7InCiZc8bqmJpoghlyluweNc7ml9Y5yQn1P2IOyzh9+p/77vIyNybQ=="],

    "@solana/rpc": ["@solana/rpc@2.3.0", "", { "dependencies": { "@solana/errors": "2.3.0", "@solana/fast-stable-stringify": "2.3.0", "@solana/functional": "2.3.0", "@solana/rpc-api": "2.3.0", "@solana/rpc-spec": "2.3.0", "@solana/rpc-spec-types": "2.3.0", "@solana/rpc-transformers": "2.3.0", "@solana/rpc-transport-http": "2.3.0", "@solana/rpc-types": "2.3.0" }, "peerDependencies": { "typescript": ">=5.3.3" } }, "sha512-ZWN76iNQAOCpYC7yKfb3UNLIMZf603JckLKOOLTHuy9MZnTN8XV6uwvDFhf42XvhglgUjGCEnbUqWtxQ9pa/pQ=="],

    "@solana/rpc-api": ["@solana/rpc-api@2.3.0", "", { "dependencies": { "@solana/addresses": "2.3.0", "@solana/codecs-core": "2.3.0", "@solana/codecs-strings": "2.3.0", "@solana/errors": "2.3.0", "@solana/keys": "2.3.0", "@solana/rpc-parsed-types": "2.3.0", "@solana/rpc-spec": "2.3.0", "@solana/rpc-transformers": "2.3.0", "@solana/rpc-types": "2.3.0", "@solana/transaction-messages": "2.3.0", "@solana/transactions": "2.3.0" }, "peerDependencies": { "typescript": ">=5.3.3" } }, "sha512-UUdiRfWoyYhJL9PPvFeJr4aJ554ob2jXcpn4vKmRVn9ire0sCbpQKYx6K8eEKHZWXKrDW8IDspgTl0gT/aJWVg=="],

    "@solana/rpc-parsed-types": ["@solana/rpc-parsed-types@2.3.0", "", { "peerDependencies": { "typescript": ">=5.3.3" } }, "sha512-B5pHzyEIbBJf9KHej+zdr5ZNAdSvu7WLU2lOUPh81KHdHQs6dEb310LGxcpCc7HVE8IEdO20AbckewDiAN6OCg=="],

    "@solana/rpc-spec": ["@solana/rpc-spec@2.3.0", "", { "dependencies": { "@solana/errors": "2.3.0", "@solana/rpc-spec-types": "2.3.0" }, "peerDependencies": { "typescript": ">=5.3.3" } }, "sha512-fA2LMX4BMixCrNB2n6T83AvjZ3oUQTu7qyPLyt8gHQaoEAXs8k6GZmu6iYcr+FboQCjUmRPgMaABbcr9j2J9Sw=="],

    "@solana/rpc-spec-types": ["@solana/rpc-spec-types@2.3.0", "", { "peerDependencies": { "typescript": ">=5.3.3" } }, "sha512-xQsb65lahjr8Wc9dMtP7xa0ZmDS8dOE2ncYjlvfyw/h4mpdXTUdrSMi6RtFwX33/rGuztQ7Hwaid5xLNSLvsFQ=="],

    "@solana/rpc-subscriptions": ["@solana/rpc-subscriptions@2.3.0", "", { "dependencies": { "@solana/errors": "2.3.0", "@solana/fast-stable-stringify": "2.3.0", "@solana/functional": "2.3.0", "@solana/promises": "2.3.0", "@solana/rpc-spec-types": "2.3.0", "@solana/rpc-subscriptions-api": "2.3.0", "@solana/rpc-subscriptions-channel-websocket": "2.3.0", "@solana/rpc-subscriptions-spec": "2.3.0", "@solana/rpc-transformers": "2.3.0", "@solana/rpc-types": "2.3.0", "@solana/subscribable": "2.3.0" }, "peerDependencies": { "typescript": ">=5.3.3" } }, "sha512-Uyr10nZKGVzvCOqwCZgwYrzuoDyUdwtgQRefh13pXIrdo4wYjVmoLykH49Omt6abwStB0a4UL5gX9V4mFdDJZg=="],

    "@solana/rpc-subscriptions-api": ["@solana/rpc-subscriptions-api@2.3.0", "", { "dependencies": { "@solana/addresses": "2.3.0", "@solana/keys": "2.3.0", "@solana/rpc-subscriptions-spec": "2.3.0", "@solana/rpc-transformers": "2.3.0", "@solana/rpc-types": "2.3.0", "@solana/transaction-messages": "2.3.0", "@solana/transactions": "2.3.0" }, "peerDependencies": { "typescript": ">=5.3.3" } }, "sha512-9mCjVbum2Hg9KGX3LKsrI5Xs0KX390lS+Z8qB80bxhar6MJPugqIPH8uRgLhCW9GN3JprAfjRNl7our8CPvsPQ=="],

    "@solana/rpc-subscriptions-channel-websocket": ["@solana/rpc-subscriptions-channel-websocket@2.3.0", "", { "dependencies": { "@solana/errors": "2.3.0", "@solana/functional": "2.3.0", "@solana/rpc-subscriptions-spec": "2.3.0", "@solana/subscribable": "2.3.0" }, "peerDependencies": { "typescript": ">=5.3.3", "ws": "^8.18.0" } }, "sha512-2oL6ceFwejIgeWzbNiUHI2tZZnaOxNTSerszcin7wYQwijxtpVgUHiuItM/Y70DQmH9sKhmikQp+dqeGalaJxw=="],

    "@solana/rpc-subscriptions-spec": ["@solana/rpc-subscriptions-spec@2.3.0", "", { "dependencies": { "@solana/errors": "2.3.0", "@solana/promises": "2.3.0", "@solana/rpc-spec-types": "2.3.0", "@solana/subscribable": "2.3.0" }, "peerDependencies": { "typescript": ">=5.3.3" } }, "sha512-rdmVcl4PvNKQeA2l8DorIeALCgJEMSu7U8AXJS1PICeb2lQuMeaR+6cs/iowjvIB0lMVjYN2sFf6Q3dJPu6wWg=="],

    "@solana/rpc-transformers": ["@solana/rpc-transformers@2.3.0", "", { "dependencies": { "@solana/errors": "2.3.0", "@solana/functional": "2.3.0", "@solana/nominal-types": "2.3.0", "@solana/rpc-spec-types": "2.3.0", "@solana/rpc-types": "2.3.0" }, "peerDependencies": { "typescript": ">=5.3.3" } }, "sha512-UuHYK3XEpo9nMXdjyGKkPCOr7WsZsxs7zLYDO1A5ELH3P3JoehvrDegYRAGzBS2VKsfApZ86ZpJToP0K3PhmMA=="],

    "@solana/rpc-transport-http": ["@solana/rpc-transport-http@2.3.0", "", { "dependencies": { "@solana/errors": "2.3.0", "@solana/rpc-spec": "2.3.0", "@solana/rpc-spec-types": "2.3.0", "undici-types": "^7.11.0" }, "peerDependencies": { "typescript": ">=5.3.3" } }, "sha512-HFKydmxGw8nAF5N+S0NLnPBDCe5oMDtI2RAmW8DMqP4U3Zxt2XWhvV1SNkAldT5tF0U1vP+is6fHxyhk4xqEvg=="],

    "@solana/rpc-types": ["@solana/rpc-types@2.3.0", "", { "dependencies": { "@solana/addresses": "2.3.0", "@solana/codecs-core": "2.3.0", "@solana/codecs-numbers": "2.3.0", "@solana/codecs-strings": "2.3.0", "@solana/errors": "2.3.0", "@solana/nominal-types": "2.3.0" }, "peerDependencies": { "typescript": ">=5.3.3" } }, "sha512-O09YX2hED2QUyGxrMOxQ9GzH1LlEwwZWu69QbL4oYmIf6P5dzEEHcqRY6L1LsDVqc/dzAdEs/E1FaPrcIaIIPw=="],

    "@solana/signers": ["@solana/signers@2.3.0", "", { "dependencies": { "@solana/addresses": "2.3.0", "@solana/codecs-core": "2.3.0", "@solana/errors": "2.3.0", "@solana/instructions": "2.3.0", "@solana/keys": "2.3.0", "@solana/nominal-types": "2.3.0", "@solana/transaction-messages": "2.3.0", "@solana/transactions": "2.3.0" }, "peerDependencies": { "typescript": ">=5.3.3" } }, "sha512-OSv6fGr/MFRx6J+ZChQMRqKNPGGmdjkqarKkRzkwmv7v8quWsIRnJT5EV8tBy3LI4DLO/A8vKiNSPzvm1TdaiQ=="],

    "@solana/subscribable": ["@solana/subscribable@2.3.0", "", { "dependencies": { "@solana/errors": "2.3.0" }, "peerDependencies": { "typescript": ">=5.3.3" } }, "sha512-DkgohEDbMkdTWiKAoatY02Njr56WXx9e/dKKfmne8/Ad6/2llUIrax78nCdlvZW9quXMaXPTxZvdQqo9N669Og=="],

    "@solana/sysvars": ["@solana/sysvars@2.3.0", "", { "dependencies": { "@solana/accounts": "2.3.0", "@solana/codecs": "2.3.0", "@solana/errors": "2.3.0", "@solana/rpc-types": "2.3.0" }, "peerDependencies": { "typescript": ">=5.3.3" } }, "sha512-LvjADZrpZ+CnhlHqfI5cmsRzX9Rpyb1Ox2dMHnbsRNzeKAMhu9w4ZBIaeTdO322zsTr509G1B+k2ABD3whvUBA=="],

    "@solana/transaction-confirmation": ["@solana/transaction-confirmation@2.3.0", "", { "dependencies": { "@solana/addresses": "2.3.0", "@solana/codecs-strings": "2.3.0", "@solana/errors": "2.3.0", "@solana/keys": "2.3.0", "@solana/promises": "2.3.0", "@solana/rpc": "2.3.0", "@solana/rpc-subscriptions": "2.3.0", "@solana/rpc-types": "2.3.0", "@solana/transaction-messages": "2.3.0", "@solana/transactions": "2.3.0" }, "peerDependencies": { "typescript": ">=5.3.3" } }, "sha512-UiEuiHCfAAZEKdfne/XljFNJbsKAe701UQHKXEInYzIgBjRbvaeYZlBmkkqtxwcasgBTOmEaEKT44J14N9VZDw=="],

    "@solana/transaction-messages": ["@solana/transaction-messages@2.3.0", "", { "dependencies": { "@solana/addresses": "2.3.0", "@solana/codecs-core": "2.3.0", "@solana/codecs-data-structures": "2.3.0", "@solana/codecs-numbers": "2.3.0", "@solana/errors": "2.3.0", "@solana/functional": "2.3.0", "@solana/instructions": "2.3.0", "@solana/nominal-types": "2.3.0", "@solana/rpc-types": "2.3.0" }, "peerDependencies": { "typescript": ">=5.3.3" } }, "sha512-bgqvWuy3MqKS5JdNLH649q+ngiyOu5rGS3DizSnWwYUd76RxZl1kN6CoqHSrrMzFMvis6sck/yPGG3wqrMlAww=="],

    "@solana/transactions": ["@solana/transactions@2.3.0", "", { "dependencies": { "@solana/addresses": "2.3.0", "@solana/codecs-core": "2.3.0", "@solana/codecs-data-structures": "2.3.0", "@solana/codecs-numbers": "2.3.0", "@solana/codecs-strings": "2.3.0", "@solana/errors": "2.3.0", "@solana/functional": "2.3.0", "@solana/instructions": "2.3.0", "@solana/keys": "2.3.0", "@solana/nominal-types": "2.3.0", "@solana/rpc-types": "2.3.0", "@solana/transaction-messages": "2.3.0" }, "peerDependencies": { "typescript": ">=5.3.3" } }, "sha512-LnTvdi8QnrQtuEZor5Msje61sDpPstTVwKg4y81tNxDhiyomjuvnSNLAq6QsB9gIxUqbNzPZgOG9IU4I4/Uaug=="],

    "@types/bun": ["@types/bun@1.2.22", "", { "dependencies": { "bun-types": "1.2.22" } }, "sha512-5A/KrKos2ZcN0c6ljRSOa1fYIyCKhZfIVYeuyb4snnvomnpFqC0tTsEkdqNxbAgExV384OETQ//WAjl3XbYqQA=="],

    "@types/connect": ["@types/connect@3.4.38", "", { "dependencies": { "@types/node": "*" } }, "sha512-K6uROf1LD88uDQqJCktA4yzL1YYAK6NgfsI0v/mTgyPKWsX1CnJ0XPSDhViejru1GcRkLWb8RlzFYJRqGUbaug=="],

    "@types/luxon": ["@types/luxon@3.7.1", "", {}, "sha512-H3iskjFIAn5SlJU7OuxUmTEpebK6TKB8rxZShDslBMZJ5u9S//KM1sbdAisiSrqwLQncVjnpi2OK2J51h+4lsg=="],

    "@types/mysql": ["@types/mysql@2.15.27", "", { "dependencies": { "@types/node": "*" } }, "sha512-YfWiV16IY0OeBfBCk8+hXKmdTKrKlwKN1MNKAPBu5JYxLwBEZl7QzeEpGnlZb3VMGJrrGmB84gXiH+ofs/TezA=="],

    "@types/node": ["@types/node@24.2.1", "", { "dependencies": { "undici-types": "~7.10.0" } }, "sha512-DRh5K+ka5eJic8CjH7td8QpYEV6Zo10gfRkjHCO3weqZHWDtAaSTFtl4+VMqOJ4N5jcuhZ9/l+yy8rVgw7BQeQ=="],

    "@types/pg": ["@types/pg@8.15.4", "", { "dependencies": { "@types/node": "*", "pg-protocol": "*", "pg-types": "^2.2.0" } }, "sha512-I6UNVBAoYbvuWkkU3oosC8yxqH21f4/Jc4DK71JLG3dT2mdlGe1z+ep/LQGXaKaOgcvUrsQoPRqfgtMcvZiJhg=="],

    "@types/pg-pool": ["@types/pg-pool@2.0.6", "", { "dependencies": { "@types/pg": "*" } }, "sha512-TaAUE5rq2VQYxab5Ts7WZhKNmuN78Q6PiFonTDdpbx8a1H0M1vhy3rhiMjl+e2iHmogyMw7jZF4FrE6eJUy5HQ=="],

    "@types/react": ["@types/react@19.1.10", "", { "dependencies": { "csstype": "^3.0.2" } }, "sha512-EhBeSYX0Y6ye8pNebpKrwFJq7BoQ8J5SO6NlvNwwHjSj6adXJViPQrKlsyPw7hLBLvckEMO1yxeGdR82YBBlDg=="],

    "@types/shimmer": ["@types/shimmer@1.2.0", "", {}, "sha512-UE7oxhQLLd9gub6JKIAhDq06T0F6FnztwMNRvYgjeQSBeMc1ZG/tA47EwfduvkuQS8apbkM/lpLpWsaCeYsXVg=="],

    "@types/tedious": ["@types/tedious@4.0.14", "", { "dependencies": { "@types/node": "*" } }, "sha512-KHPsfX/FoVbUGbyYvk1q9MMQHLPeRZhRJZdO45Q4YjvFkv4hMNghCWTvy7rdKessBsmtz4euWCWAB6/tVpI1Iw=="],

    "acorn": ["acorn@8.15.0", "", { "bin": { "acorn": "bin/acorn" } }, "sha512-NZyJarBfL7nWwIq+FDL6Zp/yHEhePMNnnJ0y3qfieCrmNvYct8uvtiV41UvlSe6apAfk0fY1FbWx+NwfmpvtTg=="],

    "acorn-import-attributes": ["acorn-import-attributes@1.9.5", "", { "peerDependencies": { "acorn": "^8" } }, "sha512-n02Vykv5uA3eHGM/Z2dQrcD56kL8TyDb2p1+0P83PClMnC/nc+anbQRhIOWnSq4Ke/KvDPrY3C9hDtC/A3eHnQ=="],

    "balanced-match": ["balanced-match@1.0.2", "", {}, "sha512-3oSeUO0TMV67hN1AmbXsK4yaqU7tjiHlbxRDZOpH0KW9+CeX4bRAaX0Anxt0tx2MrpRpWwQaPwIlISEJhYU5Pw=="],

    "brace-expansion": ["brace-expansion@2.0.2", "", { "dependencies": { "balanced-match": "^1.0.0" } }, "sha512-Jt0vHyM+jmUBqojB7E1NIYadt0vI0Qxjxd2TErW94wDz+E2LAm5vKMXXwg6ZZBTHPuUlDgQHKXvjGBdfcF1ZDQ=="],

    "bun-types": ["bun-types@1.2.22", "", { "dependencies": { "@types/node": "*" }, "peerDependencies": { "@types/react": "^19" } }, "sha512-hwaAu8tct/Zn6Zft4U9BsZcXkYomzpHJX28ofvx7k0Zz2HNz54n1n+tDgxoWFGB4PcFvJXJQloPhaV2eP3Q6EA=="],

    "chalk": ["chalk@5.5.0", "", {}, "sha512-1tm8DTaJhPBG3bIkVeZt1iZM9GfSX2lzOeDVZH9R9ffRHpmHvxZ/QhgQH/aDTkswQVt+YHdXAdS/In/30OjCbg=="],

    "cjs-module-lexer": ["cjs-module-lexer@1.4.3", "", {}, "sha512-9z8TZaGM1pfswYeXrUpzPrkx8UnWYdhJclsiYMm6x/w5+nN+8Tf/LnAgfLGQCm59qAOxU8WwHEq2vNwF6i4j+Q=="],

    "cluster-key-slot": ["cluster-key-slot@1.1.2", "", {}, "sha512-RMr0FhtfXemyinomL4hrWcYJxmX6deFdCxpJzhDttxgO1+bcCnkk+9drydLVDmAMG7NE6aN/fl4F7ucU/90gAA=="],

    "commander": ["commander@14.0.0", "", {}, "sha512-2uM9rYjPvyq39NwLRqaiLtWHyDC1FvryJDa2ATTVims5YAS4PupsEQsDvP14FqhFr0P49CYDugi59xaxJlTXRA=="],

    "cron": ["cron@4.3.3", "", { "dependencies": { "@types/luxon": "~3.7.0", "luxon": "~3.7.0" } }, "sha512-B/CJj5yL3sjtlun6RtYHvoSB26EmQ2NUmhq9ZiJSyKIM4K/fqfh9aelDFlIayD2YMeFZqWLi9hHV+c+pq2Djkw=="],

    "csstype": ["csstype@3.1.3", "", {}, "sha512-M1uQkMl8rQK/szD0LNhtqxIPLpimGm8sOBwU7lLnCpSbTyY3yeU1Vc7l4KT5zT4s/yOxHH5O7tIuuLOCnLADRw=="],

    "debug": ["debug@4.4.1", "", { "dependencies": { "ms": "^2.1.3" } }, "sha512-KcKCqiftBJcZr++7ykoDIEwSa3XWowTfNPo92BYxjXiyYEVrUQh2aLyhxBCwww+heortUFxEJYcRzosstTEBYQ=="],

    "devalue": ["devalue@5.1.1", "", {}, "sha512-maua5KUiapvEwiEAe+XnlZ3Rh0GD+qI1J/nb9vrJc3muPXvcF/8gXYTWF76+5DAqHyDUtOIImEuo0YKE9mshVw=="],

    "dotenv": ["dotenv@17.2.2", "", {}, "sha512-Sf2LSQP+bOlhKWWyhFsn0UsfdK/kCWRv1iuA2gXAwt3dyNabr6QSj00I2V10pidqz69soatm9ZwZvpQMTIOd5Q=="],

    "drizzle-orm": ["drizzle-orm@0.44.5", "", { "peerDependencies": { "@aws-sdk/client-rds-data": ">=3", "@cloudflare/workers-types": ">=4", "@electric-sql/pglite": ">=0.2.0", "@libsql/client": ">=0.10.0", "@libsql/client-wasm": ">=0.10.0", "@neondatabase/serverless": ">=0.10.0", "@op-engineering/op-sqlite": ">=2", "@opentelemetry/api": "^1.4.1", "@planetscale/database": ">=1.13", "@prisma/client": "*", "@tidbcloud/serverless": "*", "@types/better-sqlite3": "*", "@types/pg": "*", "@types/sql.js": "*", "@upstash/redis": ">=1.34.7", "@vercel/postgres": ">=0.8.0", "@xata.io/client": "*", "better-sqlite3": ">=7", "bun-types": "*", "expo-sqlite": ">=14.0.0", "gel": ">=2", "knex": "*", "kysely": "*", "mysql2": ">=2", "pg": ">=8", "postgres": ">=3", "sql.js": ">=1", "sqlite3": ">=5" }, "optionalPeers": ["@aws-sdk/client-rds-data", "@cloudflare/workers-types", "@electric-sql/pglite", "@libsql/client", "@libsql/client-wasm", "@neondatabase/serverless", "@op-engineering/op-sqlite", "@opentelemetry/api", "@planetscale/database", "@prisma/client", "@tidbcloud/serverless", "@types/better-sqlite3", "@types/pg", "@types/sql.js", "@upstash/redis", "@vercel/postgres", "@xata.io/client", "better-sqlite3", "bun-types", "expo-sqlite", "gel", "knex", "kysely", "mysql2", "pg", "postgres", "sql.js", "sqlite3"] }, "sha512-jBe37K7d8ZSKptdKfakQFdeljtu3P2Cbo7tJoJSVZADzIKOBo9IAJPOmMsH2bZl90bZgh8FQlD8BjxXA/zuBkQ=="],

    "fastestsmallesttextencoderdecoder": ["fastestsmallesttextencoderdecoder@1.0.22", "", {}, "sha512-Pb8d48e+oIuY4MaM64Cd7OW1gt4nxCHs7/ddPPZ/Ic3sg8yVGM7O9wDvZ7us6ScaUupzM+pfBolwtYhN1IxBIw=="],

    "forwarded-parse": ["forwarded-parse@2.1.2", "", {}, "sha512-alTFZZQDKMporBH77856pXgzhEzaUVmLCDk+egLgIgHst3Tpndzz8MnKe+GzRJRfvVdn69HhpW7cmXzvtLvJAw=="],

    "function-bind": ["function-bind@1.1.2", "", {}, "sha512-7XHNxH7qX9xG5mIwxkhumTox/MIRNcOgDrxWsMt2pAr23WHp6MrRlN7FBSFpCpr+oVO0F744iUgR82nJMfG2SA=="],

    "hasown": ["hasown@2.0.2", "", { "dependencies": { "function-bind": "^1.1.2" } }, "sha512-0hJU9SCPvmMzIBdZFqNPXWa6dqh7WdH0cII9y+CyS8rG3nL48Bclra9HmKhVVUHyPWNH5Y7xDwAB7bfgSjkUMQ=="],

    "import-in-the-middle": ["import-in-the-middle@1.14.2", "", { "dependencies": { "acorn": "^8.14.0", "acorn-import-attributes": "^1.9.5", "cjs-module-lexer": "^1.2.2", "module-details-from-path": "^1.0.3" } }, "sha512-5tCuY9BV8ujfOpwtAGgsTx9CGUapcFMEEyByLv1B+v2+6DhAcw+Zr0nhQT7uwaZ7DiourxFEscghOR8e1aPLQw=="],

    "is-core-module": ["is-core-module@2.16.1", "", { "dependencies": { "hasown": "^2.0.2" } }, "sha512-UfoeMA6fIJ8wTYFEUjelnaGI67v6+N7qXJEvQuIGa99l4xsCruSYOVSQ0uPANn4dAzm8lkYPaKLrrijLq7x23w=="],

    "luxon": ["luxon@3.7.1", "", {}, "sha512-RkRWjA926cTvz5rAb1BqyWkKbbjzCGchDUIKMCUvNi17j6f6j8uHGDV82Aqcqtzd+icoYpELmG3ksgGiFNNcNg=="],

    "minimatch": ["minimatch@9.0.5", "", { "dependencies": { "brace-expansion": "^2.0.1" } }, "sha512-G6T0ZX48xgozx7587koeX9Ys2NYy6Gmv//P89sEte9V9whIapMNF4idKxnW2QtCcLiTWlb/wfCabAtAFWhhBow=="],

    "module-details-from-path": ["module-details-from-path@1.0.4", "", {}, "sha512-EGWKgxALGMgzvxYF1UyGTy0HXX/2vHLkw6+NvDKW2jypWbHpjQuj4UMcqQWXHERJhVGKikolT06G3bcKe4fi7w=="],

    "ms": ["ms@2.1.3", "", {}, "sha512-6FlzubTLZG3J2a/NVCAleEhjzq5oxgHyaCU9yYXvcLsvoVaHJq/s5xXI6/XXP6tz7R9xAOtHnSO/tXtF3WRTlA=="],

    "path-parse": ["path-parse@1.0.7", "", {}, "sha512-LDJzPVEEEPR+y48z93A0Ed0yXb8pAByGWo/k5YYdYgpY2/2EsOsksJrq7lOHxryrVOn1ejG6oAp8ahvOIQD8sw=="],

    "pg-int8": ["pg-int8@1.0.1", "", {}, "sha512-WCtabS6t3c8SkpDBUlb1kjOs7l66xsGdKpIPZsg4wR+B3+u9UAum2odSsF9tnvxg80h4ZxLWMy4pRjOsFIqQpw=="],

    "pg-protocol": ["pg-protocol@1.10.3", "", {}, "sha512-6DIBgBQaTKDJyxnXaLiLR8wBpQQcGWuAESkRBX/t6OwA8YsqP+iVSiond2EDy6Y/dsGk8rh/jtax3js5NeV7JQ=="],

    "pg-types": ["pg-types@2.2.0", "", { "dependencies": { "pg-int8": "1.0.1", "postgres-array": "~2.0.0", "postgres-bytea": "~1.0.0", "postgres-date": "~1.0.4", "postgres-interval": "^1.1.0" } }, "sha512-qTAAlrEsl8s4OiEQY69wDvcMIdQN6wdz5ojQiOy6YRMuynxenON0O5oCpJI6lshc6scgAY8qvJ2On/p+CXY0GA=="],

    "postgres": ["postgres@3.4.7", "", {}, "sha512-Jtc2612XINuBjIl/QTWsV5UvE8UHuNblcO3vVADSrKsrc6RqGX6lOW1cEo3CM2v0XG4Nat8nI+YM7/f26VxXLw=="],

    "postgres-array": ["postgres-array@2.0.0", "", {}, "sha512-VpZrUqU5A69eQyW2c5CA1jtLecCsN2U/bD6VilrFDWq5+5UIEVO7nazS3TEcHf1zuPYO/sqGvUvW62g86RXZuA=="],

    "postgres-bytea": ["postgres-bytea@1.0.0", "", {}, "sha512-xy3pmLuQqRBZBXDULy7KbaitYqLcmxigw14Q5sj8QBVLqEwXfeybIKVWiqAXTlcvdvb0+xkOtDbfQMOf4lST1w=="],

    "postgres-date": ["postgres-date@1.0.7", "", {}, "sha512-suDmjLVQg78nMK2UZ454hAG+OAW+HQPZ6n++TNDUX+L0+uUlLywnoxJKDou51Zm+zTCjrCl0Nq6J9C5hP9vK/Q=="],

    "postgres-interval": ["postgres-interval@1.2.0", "", { "dependencies": { "xtend": "^4.0.0" } }, "sha512-9ZhXKM/rw350N1ovuWHbGxnGh/SNJ4cnxHiM0rxE4VN41wsg8P8zWn9hv/buK00RP4WvlOyr/RBDiptyxVbkZQ=="],

    "redis": ["redis@5.8.2", "", { "dependencies": { "@redis/bloom": "5.8.2", "@redis/client": "5.8.2", "@redis/json": "5.8.2", "@redis/search": "5.8.2", "@redis/time-series": "5.8.2" } }, "sha512-31vunZj07++Y1vcFGcnNWEf5jPoTkGARgfWI4+Tk55vdwHxhAvug8VEtW7Cx+/h47NuJTEg/JL77zAwC6E0OeA=="],

    "require-in-the-middle": ["require-in-the-middle@7.5.2", "", { "dependencies": { "debug": "^4.3.5", "module-details-from-path": "^1.0.3", "resolve": "^1.22.8" } }, "sha512-gAZ+kLqBdHarXB64XpAe2VCjB7rIRv+mU8tfRWziHRJ5umKsIHN2tLLv6EtMw7WCdP19S0ERVMldNvxYCHnhSQ=="],

    "resolve": ["resolve@1.22.10", "", { "dependencies": { "is-core-module": "^2.16.0", "path-parse": "^1.0.7", "supports-preserve-symlinks-flag": "^1.0.0" }, "bin": { "resolve": "bin/resolve" } }, "sha512-NPRy+/ncIMeDlTAsuqwKIiferiawhefFJtkNSW0qZJEqMEb+qBt/77B/jGeeek+F0uOeN05CDa6HXbbIgtVX4w=="],

    "semver": ["semver@7.7.2", "", { "bin": { "semver": "bin/semver.js" } }, "sha512-RF0Fw+rO5AMf9MAyaRXI4AV0Ulj5lMHqVxxdSgiVbixSCXoEmmX/jk0CuJw4+3SqroYO9VoUh+HcuJivvtJemA=="],

    "shimmer": ["shimmer@1.2.1", "", {}, "sha512-sQTKC1Re/rM6XyFM6fIAGHRPVGvyXfgzIDvzoq608vM+jeyVD0Tu1E6Np0Kc2zAIFWIj963V2800iF/9LPieQw=="],

    "supports-preserve-symlinks-flag": ["supports-preserve-symlinks-flag@1.0.0", "", {}, "sha512-ot0WnXS9fgdkgIcePe6RHNk1WA8+muPa6cSjeR3V8K27q9BB1rTE3R1p7Hv0z1ZyAc8s6Vvv8DIyWf681MAt0w=="],

    "typescript": ["typescript@5.9.2", "", { "bin": { "tsc": "bin/tsc", "tsserver": "bin/tsserver" } }, "sha512-CWBzXQrc/qOkhidw1OzBTQuYRbfyxDXJMVJ1XNwUHGROVmuaeiEm3OslpZ1RV96d7SKKjZKrSJu3+t/xlw3R9A=="],

    "undici-types": ["undici-types@7.10.0", "", {}, "sha512-t5Fy/nfn+14LuOc2KNYg75vZqClpAiqscVvMygNnlsHBFpSXdJaYtXMcdNLpl/Qvc3P2cB3s6lOV51nqsFq4ag=="],

    "ws": ["ws@8.18.3", "", { "peerDependencies": { "bufferutil": "^4.0.1", "utf-8-validate": ">=5.0.2" }, "optionalPeers": ["bufferutil", "utf-8-validate"] }, "sha512-PEIGCY5tSlUt50cqyMXfCzX+oOPqN0vuGqWzbcJ2xvnkzkq46oOpz7dQaTDBdfICb4N14+GARUDw2XV2N4tvzg=="],

    "xtend": ["xtend@4.0.2", "", {}, "sha512-LKYU1iAXJXUgAXn9URjiu+MWhyUXHsvfp7mcuYm9dSUKK0/CjtrUwFAxD82/mCWbtLsGjFIad0wIsod4zrTAEQ=="],

    "zod": ["zod@4.1.11", "", {}, "sha512-WPsqwxITS2tzx1bzhIKsEs19ABD5vmCVa4xBo2tq/SrV4RNZtfws1EnCWQXM6yh8bD08a1idvkB5MZSBiZsjwg=="],

    "@opentelemetry/instrumentation-ioredis/@opentelemetry/semantic-conventions": ["@opentelemetry/semantic-conventions@1.36.0", "", {}, "sha512-TtxJSRD8Ohxp6bKkhrm27JRHAxPczQA7idtcTOMYI+wQRRrfgqxHv1cFbCApcSnNjtXkmzFozn6jQtFrOmbjPQ=="],

    "@opentelemetry/instrumentation-pg/@types/pg": ["@types/pg@8.15.5", "", { "dependencies": { "@types/node": "*", "pg-protocol": "*", "pg-types": "^2.2.0" } }, "sha512-LF7lF6zWEKxuT3/OR8wAZGzkg4ENGXFNyiV/JeOt9z5B+0ZVwbql9McqX5c/WStFq1GaGso7H1AzP/qSzmlCKQ=="],

    "@opentelemetry/sql-common/@opentelemetry/core": ["@opentelemetry/core@2.0.1", "", { "dependencies": { "@opentelemetry/semantic-conventions": "^1.29.0" }, "peerDependencies": { "@opentelemetry/api": ">=1.0.0 <1.10.0" } }, "sha512-MaZk9SJIDgo1peKevlbhP6+IwIiNPNmswNL4AF0WaQJLbHXjr9SrZMgS12+iqr9ToV4ZVosCcc0f8Rg67LXjxw=="],

    "@prisma/instrumentation/@opentelemetry/instrumentation": ["@opentelemetry/instrumentation@0.57.2", "", { "dependencies": { "@opentelemetry/api-logs": "0.57.2", "@types/shimmer": "^1.2.0", "import-in-the-middle": "^1.8.1", "require-in-the-middle": "^7.1.1", "semver": "^7.5.2", "shimmer": "^1.2.1" }, "peerDependencies": { "@opentelemetry/api": "^1.3.0" } }, "sha512-BdBGhQBh8IjZ2oIIX6F2/Q3LKm/FDDKi6ccYKcBTeilh6SNdNKveDOLk73BkSJjQLJk6qe4Yh+hHw1UPhCDdrg=="],

    "@solana/rpc-transport-http/undici-types": ["undici-types@7.13.0", "", {}, "sha512-Ov2Rr9Sx+fRgagJ5AX0qvItZG/JKKoBRAVITs1zk7IqZGTJUwgUr7qoYBpWwakpWilTZFM98rG/AFRocu10iIQ=="],

    "@opentelemetry/sql-common/@opentelemetry/core/@opentelemetry/semantic-conventions": ["@opentelemetry/semantic-conventions@1.36.0", "", {}, "sha512-TtxJSRD8Ohxp6bKkhrm27JRHAxPczQA7idtcTOMYI+wQRRrfgqxHv1cFbCApcSnNjtXkmzFozn6jQtFrOmbjPQ=="],

    "@prisma/instrumentation/@opentelemetry/instrumentation/@opentelemetry/api-logs": ["@opentelemetry/api-logs@0.57.2", "", { "dependencies": { "@opentelemetry/api": "^1.3.0" } }, "sha512-uIX52NnTM0iBh84MShlpouI7UKqkZ7MrUszTmaypHBu4r7NofznSnQRfJ+uUeDtQDj6w8eFGg5KBLDAwAPz1+A=="],
  }
}
